
Microsoft Visual Studio Solution File, Format Version 12.00
# Visual Studio Version 16
VisualStudioVersion = 16.0.29806.167
MinimumVisualStudioVersion = 10.0.40219.1
Project("{9A19103F-16F7-4668-BE54-9A1E7A4F7556}") = "ProjectManagement", "ProjectManagement\ProjectManagement.csproj", "{61730242-8719-4255-AEF5-75CA3592DC5C}"
EndProject
Project("{9A19103F-16F7-4668-BE54-9A1E7A4F7556}") = "Model", "Model\Model.csproj", "{F1F5C3FA-744E-4427-B312-598C92ADA36B}"
EndProject
Project("{9A19103F-16F7-4668-BE54-9A1E7A4F7556}") = "RAMStorage", "RAMStorage\RAMStorage.csproj", "{448FE8AC-B696-42CA-BC1F-AA517E79B73C}"
EndProject
Project("{9A19103F-16F7-4668-BE54-9A1E7A4F7556}") = "Infrastructure", "Infrastructure\Infrastructure.csproj", "{0B8C4D1A-F2D5-4A39-8DE9-2C47452B64DA}"
EndProject
Project("{9A19103F-16F7-4668-BE54-9A1E7A4F7556}") = "DAL", "DAL\DAL.csproj", "{D77C5898-14B8-444F-8678-991BBCA0DEFA}"
EndProject
Project("{9A19103F-16F7-4668-BE54-9A1E7A4F7556}") = "BLL", "BLL\BLL.csproj", "{A323A505-27CC-43EB-9799-13BB02AC6721}"
EndProject
Project("{FAE04EC0-301F-11D3-BF4B-00C04F79EFBC}") = "ProjectManagementFramework", "ProjectManagementFramework\ProjectManagementFramework.csproj", "{5346ECE2-D1FC-493F-BC47-D47119AD70E5}"
EndProject
Project("{2150E333-8FDC-42A3-9474-1A3956D46DE8}") = "Tests", "Tests", "{447B2E83-E1C5-4E5B-A2BE-0B15185F605B}"
EndProject
Project("{FAE04EC0-301F-11D3-BF4B-00C04F79EFBC}") = "DALTests", "DALTests\DALTests.csproj", "{5731FF1D-8A25-4A32-9B01-E8E973FF441D}"
EndProject
Project("{FAE04EC0-301F-11D3-BF4B-00C04F79EFBC}") = "BLLTests", "BLLTests\BLLTests.csproj", "{AD57F37E-169A-4BA7-999B-E9223BD77B63}"
EndProject
Global
	GlobalSection(SolutionConfigurationPlatforms) = preSolution
		Debug|Any CPU = Debug|Any CPU
		Debug|x64 = Debug|x64
		Release|Any CPU = Release|Any CPU
		Release|x64 = Release|x64
	EndGlobalSection
	GlobalSection(ProjectConfigurationPlatforms) = postSolution
		{61730242-8719-4255-AEF5-75CA3592DC5C}.Debug|Any CPU.ActiveCfg = Debug|Any CPU
		{61730242-8719-4255-AEF5-75CA3592DC5C}.Debug|Any CPU.Build.0 = Debug|Any CPU
		{61730242-8719-4255-AEF5-75CA3592DC5C}.Debug|x64.ActiveCfg = Debug|Any CPU
		{61730242-8719-4255-AEF5-75CA3592DC5C}.Debug|x64.Build.0 = Debug|Any CPU
		{61730242-8719-4255-AEF5-75CA3592DC5C}.Release|Any CPU.ActiveCfg = Release|Any CPU
		{61730242-8719-4255-AEF5-75CA3592DC5C}.Release|Any CPU.Build.0 = Release|Any CPU
		{61730242-8719-4255-AEF5-75CA3592DC5C}.Release|x64.ActiveCfg = Release|Any CPU
		{61730242-8719-4255-AEF5-75CA3592DC5C}.Release|x64.Build.0 = Release|Any CPU
		{F1F5C3FA-744E-4427-B312-598C92ADA36B}.Debug|Any CPU.ActiveCfg = Debug|Any CPU
		{F1F5C3FA-744E-4427-B312-598C92ADA36B}.Debug|Any CPU.Build.0 = Debug|Any CPU
		{F1F5C3FA-744E-4427-B312-598C92ADA36B}.Debug|x64.ActiveCfg = Debug|Any CPU
		{F1F5C3FA-744E-4427-B312-598C92ADA36B}.Debug|x64.Build.0 = Debug|Any CPU
		{F1F5C3FA-744E-4427-B312-598C92ADA36B}.Release|Any CPU.ActiveCfg = Release|Any CPU
		{F1F5C3FA-744E-4427-B312-598C92ADA36B}.Release|Any CPU.Build.0 = Release|Any CPU
		{F1F5C3FA-744E-4427-B312-598C92ADA36B}.Release|x64.ActiveCfg = Release|Any CPU
		{F1F5C3FA-744E-4427-B312-598C92ADA36B}.Release|x64.Build.0 = Release|Any CPU
		{448FE8AC-B696-42CA-BC1F-AA517E79B73C}.Debug|Any CPU.ActiveCfg = Debug|Any CPU
		{448FE8AC-B696-42CA-BC1F-AA517E79B73C}.Debug|Any CPU.Build.0 = Debug|Any CPU
		{448FE8AC-B696-42CA-BC1F-AA517E79B73C}.Debug|x64.ActiveCfg = Debug|Any CPU
		{448FE8AC-B696-42CA-BC1F-AA517E79B73C}.Debug|x64.Build.0 = Debug|Any CPU
		{448FE8AC-B696-42CA-BC1F-AA517E79B73C}.Release|Any CPU.ActiveCfg = Release|Any CPU
		{448FE8AC-B696-42CA-BC1F-AA517E79B73C}.Release|Any CPU.Build.0 = Release|Any CPU
		{448FE8AC-B696-42CA-BC1F-AA517E79B73C}.Release|x64.ActiveCfg = Release|Any CPU
		{448FE8AC-B696-42CA-BC1F-AA517E79B73C}.Release|x64.Build.0 = Release|Any CPU
		{0B8C4D1A-F2D5-4A39-8DE9-2C47452B64DA}.Debug|Any CPU.ActiveCfg = Debug|Any CPU
		{0B8C4D1A-F2D5-4A39-8DE9-2C47452B64DA}.Debug|Any CPU.Build.0 = Debug|Any CPU
		{0B8C4D1A-F2D5-4A39-8DE9-2C47452B64DA}.Debug|x64.ActiveCfg = Debug|Any CPU
		{0B8C4D1A-F2D5-4A39-8DE9-2C47452B64DA}.Debug|x64.Build.0 = Debug|Any CPU
		{0B8C4D1A-F2D5-4A39-8DE9-2C47452B64DA}.Release|Any CPU.ActiveCfg = Release|Any CPU
		{0B8C4D1A-F2D5-4A39-8DE9-2C47452B64DA}.Release|Any CPU.Build.0 = Release|Any CPU
		{0B8C4D1A-F2D5-4A39-8DE9-2C47452B64DA}.Release|x64.ActiveCfg = Release|Any CPU
		{0B8C4D1A-F2D5-4A39-8DE9-2C47452B64DA}.Release|x64.Build.0 = Release|Any CPU
		{D77C5898-14B8-444F-8678-991BBCA0DEFA}.Debug|Any CPU.ActiveCfg = Debug|Any CPU
		{D77C5898-14B8-444F-8678-991BBCA0DEFA}.Debug|Any CPU.Build.0 = Debug|Any CPU
		{D77C5898-14B8-444F-8678-991BBCA0DEFA}.Debug|x64.ActiveCfg = Debug|Any CPU
		{D77C5898-14B8-444F-8678-991BBCA0DEFA}.Debug|x64.Build.0 = Debug|Any CPU
		{D77C5898-14B8-444F-8678-991BBCA0DEFA}.Release|Any CPU.ActiveCfg = Release|Any CPU
		{D77C5898-14B8-444F-8678-991BBCA0DEFA}.Release|Any CPU.Build.0 = Release|Any CPU
		{D77C5898-14B8-444F-8678-991BBCA0DEFA}.Release|x64.ActiveCfg = Release|Any CPU
		{D77C5898-14B8-444F-8678-991BBCA0DEFA}.Release|x64.Build.0 = Release|Any CPU
		{A323A505-27CC-43EB-9799-13BB02AC6721}.Debug|Any CPU.ActiveCfg = Debug|Any CPU
		{A323A505-27CC-43EB-9799-13BB02AC6721}.Debug|Any CPU.Build.0 = Debug|Any CPU
		{A323A505-27CC-43EB-9799-13BB02AC6721}.Debug|x64.ActiveCfg = Debug|Any CPU
		{A323A505-27CC-43EB-9799-13BB02AC6721}.Debug|x64.Build.0 = Debug|Any CPU
		{A323A505-27CC-43EB-9799-13BB02AC6721}.Release|Any CPU.ActiveCfg = Release|Any CPU
		{A323A505-27CC-43EB-9799-13BB02AC6721}.Release|Any CPU.Build.0 = Release|Any CPU
		{A323A505-27CC-43EB-9799-13BB02AC6721}.Release|x64.ActiveCfg = Release|Any CPU
		{A323A505-27CC-43EB-9799-13BB02AC6721}.Release|x64.Build.0 = Release|Any CPU
		{5346ECE2-D1FC-493F-BC47-D47119AD70E5}.Debug|Any CPU.ActiveCfg = Debug|Any CPU
		{5346ECE2-D1FC-493F-BC47-D47119AD70E5}.Debug|Any CPU.Build.0 = Debug|Any CPU
		{5346ECE2-D1FC-493F-BC47-D47119AD70E5}.Debug|x64.ActiveCfg = Debug|Any CPU
		{5346ECE2-D1FC-493F-BC47-D47119AD70E5}.Debug|x64.Build.0 = Debug|Any CPU
		{5346ECE2-D1FC-493F-BC47-D47119AD70E5}.Release|Any CPU.ActiveCfg = Release|Any CPU
		{5346ECE2-D1FC-493F-BC47-D47119AD70E5}.Release|Any CPU.Build.0 = Release|Any CPU
		{5346ECE2-D1FC-493F-BC47-D47119AD70E5}.Release|x64.ActiveCfg = Release|Any CPU
		{5346ECE2-D1FC-493F-BC47-D47119AD70E5}.Release|x64.Build.0 = Release|Any CPU
		{5731FF1D-8A25-4A32-9B01-E8E973FF441D}.Debug|Any CPU.ActiveCfg = Debug|Any CPU
		{5731FF1D-8A25-4A32-9B01-E8E973FF441D}.Debug|Any CPU.Build.0 = Debug|Any CPU
		{5731FF1D-8A25-4A32-9B01-E8E973FF441D}.Debug|x64.ActiveCfg = Debug|x64
		{5731FF1D-8A25-4A32-9B01-E8E973FF441D}.Debug|x64.Build.0 = Debug|x64
		{5731FF1D-8A25-4A32-9B01-E8E973FF441D}.Release|Any CPU.ActiveCfg = Release|Any CPU
		{5731FF1D-8A25-4A32-9B01-E8E973FF441D}.Release|Any CPU.Build.0 = Release|Any CPU
		{5731FF1D-8A25-4A32-9B01-E8E973FF441D}.Release|x64.ActiveCfg = Release|x64
		{5731FF1D-8A25-4A32-9B01-E8E973FF441D}.Release|x64.Build.0 = Release|x64
		{AD57F37E-169A-4BA7-999B-E9223BD77B63}.Debug|Any CPU.ActiveCfg = Debug|Any CPU
		{AD57F37E-169A-4BA7-999B-E9223BD77B63}.Debug|Any CPU.Build.0 = Debug|Any CPU
		{AD57F37E-169A-4BA7-999B-E9223BD77B63}.Debug|x64.ActiveCfg = Debug|Any CPU
		{AD57F37E-169A-4BA7-999B-E9223BD77B63}.Debug|x64.Build.0 = Debug|Any CPU
		{AD57F37E-169A-4BA7-999B-E9223BD77B63}.Release|Any CPU.ActiveCfg = Release|Any CPU
		{AD57F37E-169A-4BA7-999B-E9223BD77B63}.Release|Any CPU.Build.0 = Release|Any CPU
		{AD57F37E-169A-4BA7-999B-E9223BD77B63}.Release|x64.ActiveCfg = Release|Any CPU
		{AD57F37E-169A-4BA7-999B-E9223BD77B63}.Release|x64.Build.0 = Release|Any CPU
	EndGlobalSection
	GlobalSection(SolutionProperties) = preSolution
		HideSolutionNode = FALSE
	EndGlobalSection
	GlobalSection(NestedProjects) = preSolution
		{5731FF1D-8A25-4A32-9B01-E8E973FF441D} = {447B2E83-E1C5-4E5B-A2BE-0B15185F605B}
		{AD57F37E-169A-4BA7-999B-E9223BD77B63} = {447B2E83-E1C5-4E5B-A2BE-0B15185F605B}
	EndGlobalSection
	GlobalSection(ExtensibilityGlobals) = postSolution
		SolutionGuid = {9DEA0619-746A-47E1-8770-082B13DF6B38}
	EndGlobalSection
EndGlobal
